// !$*UTF8*$!
{
	archiveVersion = 1;
	classes = {
	};
	objectVersion = 56;
	objects = {

/* Begin PBXBuildFile section */
		D09138272AC1ACCE009BA6E4 /* DataApp.swift in Sources */ = {isa = PBXBuildFile; fileRef = D09138262AC1ACCE009BA6E4 /* DataApp.swift */; };
		D09138292AC1ACCE009BA6E4 /* ContentView.swift in Sources */ = {isa = PBXBuildFile; fileRef = D09138282AC1ACCE009BA6E4 /* ContentView.swift */; };
		D091382B2AC1ACD0009BA6E4 /* Assets.xcassets in Resources */ = {isa = PBXBuildFile; fileRef = D091382A2AC1ACD0009BA6E4 /* Assets.xcassets */; };
		D091382E2AC1ACD0009BA6E4 /* Preview Assets.xcassets in Resources */ = {isa = PBXBuildFile; fileRef = D091382D2AC1ACD0009BA6E4 /* Preview Assets.xcassets */; };
		D09138382AC1ACD0009BA6E4 /* DataTests.swift in Sources */ = {isa = PBXBuildFile; fileRef = D09138372AC1ACD0009BA6E4 /* DataTests.swift */; };
		D09138422AC1ACD1009BA6E4 /* DataUITests.swift in Sources */ = {isa = PBXBuildFile; fileRef = D09138412AC1ACD1009BA6E4 /* DataUITests.swift */; };
		D09138442AC1ACD1009BA6E4 /* DataUITestsLaunchTests.swift in Sources */ = {isa = PBXBuildFile; fileRef = D09138432AC1ACD1009BA6E4 /* DataUITestsLaunchTests.swift */; };
/* End PBXBuildFile section */

/* Begin PBXContainerItemProxy section */
		D09138342AC1ACD0009BA6E4 /* PBXContainerItemProxy */ = {
			isa = PBXContainerItemProxy;
			containerPortal = D091381B2AC1ACCE009BA6E4 /* Project object */;
			proxyType = 1;
			remoteGlobalIDString = D09138222AC1ACCE009BA6E4;
			remoteInfo = Data;
		};
		D091383E2AC1ACD1009BA6E4 /* PBXContainerItemProxy */ = {
			isa = PBXContainerItemProxy;
			containerPortal = D091381B2AC1ACCE009BA6E4 /* Project object */;
			proxyType = 1;
			remoteGlobalIDString = D09138222AC1ACCE009BA6E4;
			remoteInfo = Data;
		};
/* End PBXContainerItemProxy section */

/* Begin PBXFileReference section */
		D09138232AC1ACCE009BA6E4 /* Data.app */ = {isa = PBXFileReference; explicitFileType = wrapper.application; includeInIndex = 0; path = Data.app; sourceTree = BUILT_PRODUCTS_DIR; };
		D09138262AC1ACCE009BA6E4 /* DataApp.swift */ = {isa = PBXFileReference; lastKnownFileType = sourcecode.swift; path = DataApp.swift; sourceTree = "<group>"; };
		D09138282AC1ACCE009BA6E4 /* ContentView.swift */ = {isa = PBXFileReference; lastKnownFileType = sourcecode.swift; path = ContentView.swift; sourceTree = "<group>"; };
		D091382A2AC1ACD0009BA6E4 /* Assets.xcassets */ = {isa = PBXFileReference; lastKnownFileType = folder.assetcatalog; path = Assets.xcassets; sourceTree = "<group>"; };
		D091382D2AC1ACD0009BA6E4 /* Preview Assets.xcassets */ = {isa = PBXFileReference; lastKnownFileType = folder.assetcatalog; path = "Preview Assets.xcassets"; sourceTree = "<group>"; };
		D09138332AC1ACD0009BA6E4 /* DataTests.xctest */ = {isa = PBXFileReference; explicitFileType = wrapper.cfbundle; includeInIndex = 0; path = DataTests.xctest; sourceTree = BUILT_PRODUCTS_DIR; };
		D09138372AC1ACD0009BA6E4 /* DataTests.swift */ = {isa = PBXFileReference; lastKnownFileType = sourcecode.swift; path = DataTests.swift; sourceTree = "<group>"; };
		D091383D2AC1ACD1009BA6E4 /* DataUITests.xctest */ = {isa = PBXFileReference; explicitFileType = wrapper.cfbundle; includeInIndex = 0; path = DataUITests.xctest; sourceTree = BUILT_PRODUCTS_DIR; };
		D09138412AC1ACD1009BA6E4 /* DataUITests.swift */ = {isa = PBXFileReference; lastKnownFileType = sourcecode.swift; path = DataUITests.swift; sourceTree = "<group>"; };
		D09138432AC1ACD1009BA6E4 /* DataUITestsLaunchTests.swift */ = {isa = PBXFileReference; lastKnownFileType = sourcecode.swift; path = DataUITestsLaunchTests.swift; sourceTree = "<group>"; };
/* End PBXFileReference section */

/* Begin PBXFrameworksBuildPhase section */
		D09138202AC1ACCE009BA6E4 /* Frameworks */ = {
			isa = PBXFrameworksBuildPhase;
			buildActionMask = 2147483647;
			files = (
			);
			runOnlyForDeploymentPostprocessing = 0;
		};
		D09138302AC1ACD0009BA6E4 /* Frameworks */ = {
			isa = PBXFrameworksBuildPhase;
			buildActionMask = 2147483647;
			files = (
			);
			runOnlyForDeploymentPostprocessing = 0;
		};
		D091383A2AC1ACD1009BA6E4 /* Frameworks */ = {
			isa = PBXFrameworksBuildPhase;
			buildActionMask = 2147483647;
			files = (
			);
			runOnlyForDeploymentPostprocessing = 0;
		};
/* End PBXFrameworksBuildPhase section */

/* Begin PBXGroup section */
		D091381A2AC1ACCE009BA6E4 = {
			isa = PBXGroup;
			children = (
				D09138252AC1ACCE009BA6E4 /* Data */,
				D09138362AC1ACD0009BA6E4 /* DataTests */,
				D09138402AC1ACD1009BA6E4 /* DataUITests */,
				D09138242AC1ACCE009BA6E4 /* Products */,
			);
			sourceTree = "<group>";
		};
		D09138242AC1ACCE009BA6E4 /* Products */ = {
			isa = PBXGroup;
			children = (
				D09138232AC1ACCE009BA6E4 /* Data.app */,
				D09138332AC1ACD0009BA6E4 /* DataTests.xctest */,
				D091383D2AC1ACD1009BA6E4 /* DataUITests.xctest */,
			);
			name = Products;
			sourceTree = "<group>";
		};
		D09138252AC1ACCE009BA6E4 /* Data */ = {
			isa = PBXGroup;
			children = (
				D09138262AC1ACCE009BA6E4 /* DataApp.swift */,
				D09138282AC1ACCE009BA6E4 /* ContentView.swift */,
				D091382A2AC1ACD0009BA6E4 /* Assets.xcassets */,
				D091382C2AC1ACD0009BA6E4 /* Preview Content */,
			);
			path = Data;
			sourceTree = "<group>";
		};
		D091382C2AC1ACD0009BA6E4 /* Preview Content */ = {
			isa = PBXGroup;
			children = (
				D091382D2AC1ACD0009BA6E4 /* Preview Assets.xcassets */,
			);
			path = "Preview Content";
			sourceTree = "<group>";
		};
		D09138362AC1ACD0009BA6E4 /* DataTests */ = {
			isa = PBXGroup;
			children = (
				D09138372AC1ACD0009BA6E4 /* DataTests.swift */,
			);
			path = DataTests;
			sourceTree = "<group>";
		};
		D09138402AC1ACD1009BA6E4 /* DataUITests */ = {
			isa = PBXGroup;
			children = (
				D09138412AC1ACD1009BA6E4 /* DataUITests.swift */,
				D09138432AC1ACD1009BA6E4 /* DataUITestsLaunchTests.swift */,
			);
			path = DataUITests;
			sourceTree = "<group>";
		};
/* End PBXGroup section */

/* Begin PBXNativeTarget section */
		D09138222AC1ACCE009BA6E4 /* Data */ = {
			isa = PBXNativeTarget;
			buildConfigurationList = D09138472AC1ACD1009BA6E4 /* Build configuration list for PBXNativeTarget "Data" */;
			buildPhases = (
				D091381F2AC1ACCE009BA6E4 /* Sources */,
				D09138202AC1ACCE009BA6E4 /* Frameworks */,
				D09138212AC1ACCE009BA6E4 /* Resources */,
			);
			buildRules = (
			);
			dependencies = (
			);
			name = Data;
			productName = Data;
			productReference = D09138232AC1ACCE009BA6E4 /* Data.app */;
			productType = "com.apple.product-type.application";
		};
		D09138322AC1ACD0009BA6E4 /* DataTests */ = {
			isa = PBXNativeTarget;
			buildConfigurationList = D091384A2AC1ACD1009BA6E4 /* Build configuration list for PBXNativeTarget "DataTests" */;
			buildPhases = (
				D091382F2AC1ACD0009BA6E4 /* Sources */,
				D09138302AC1ACD0009BA6E4 /* Frameworks */,
				D09138312AC1ACD0009BA6E4 /* Resources */,
			);
			buildRules = (
			);
			dependencies = (
				D09138352AC1ACD0009BA6E4 /* PBXTargetDependency */,
			);
			name = DataTests;
			productName = DataTests;
			productReference = D09138332AC1ACD0009BA6E4 /* DataTests.xctest */;
			productType = "com.apple.product-type.bundle.unit-test";
		};
		D091383C2AC1ACD1009BA6E4 /* DataUITests */ = {
			isa = PBXNativeTarget;
			buildConfigurationList = D091384D2AC1ACD1009BA6E4 /* Build configuration list for PBXNativeTarget "DataUITests" */;
			buildPhases = (
				D09138392AC1ACD1009BA6E4 /* Sources */,
				D091383A2AC1ACD1009BA6E4 /* Frameworks */,
				D091383B2AC1ACD1009BA6E4 /* Resources */,
			);
			buildRules = (
			);
			dependencies = (
				D091383F2AC1ACD1009BA6E4 /* PBXTargetDependency */,
			);
			name = DataUITests;
			productName = DataUITests;
			productReference = D091383D2AC1ACD1009BA6E4 /* DataUITests.xctest */;
			productType = "com.apple.product-type.bundle.ui-testing";
		};
/* End PBXNativeTarget section */

/* Begin PBXProject section */
		D091381B2AC1ACCE009BA6E4 /* Project object */ = {
			isa = PBXProject;
			attributes = {
				BuildIndependentTargetsInParallel = 1;
				LastSwiftUpdateCheck = 1430;
				LastUpgradeCheck = 1430;
				TargetAttributes = {
					D09138222AC1ACCE009BA6E4 = {
						CreatedOnToolsVersion = 14.3.1;
					};
					D09138322AC1ACD0009BA6E4 = {
						CreatedOnToolsVersion = 14.3.1;
						TestTargetID = D09138222AC1ACCE009BA6E4;
					};
					D091383C2AC1ACD1009BA6E4 = {
						CreatedOnToolsVersion = 14.3.1;
						TestTargetID = D09138222AC1ACCE009BA6E4;
					};
				};
			};
			buildConfigurationList = D091381E2AC1ACCE009BA6E4 /* Build configuration list for PBXProject "Data" */;
			compatibilityVersion = "Xcode 14.0";
			developmentRegion = en;
			hasScannedForEncodings = 0;
			knownRegions = (
				en,
				Base,
			);
			mainGroup = D091381A2AC1ACCE009BA6E4;
			productRefGroup = D09138242AC1ACCE009BA6E4 /* Products */;
			projectDirPath = "";
			projectRoot = "";
			targets = (
				D09138222AC1ACCE009BA6E4 /* Data */,
				D09138322AC1ACD0009BA6E4 /* DataTests */,
				D091383C2AC1ACD1009BA6E4 /* DataUITests */,
			);
		};
/* End PBXProject section */

/* Begin PBXResourcesBuildPhase section */
		D09138212AC1ACCE009BA6E4 /* Resources */ = {
			isa = PBXResourcesBuildPhase;
			buildActionMask = 2147483647;
			files = (
				D091382E2AC1ACD0009BA6E4 /* Preview Assets.xcassets in Resources */,
				D091382B2AC1ACD0009BA6E4 /* Assets.xcassets in Resources */,
			);
			runOnlyForDeploymentPostprocessing = 0;
		};
		D09138312AC1ACD0009BA6E4 /* Resources */ = {
			isa = PBXResourcesBuildPhase;
			buildActionMask = 2147483647;
			files = (
			);
			runOnlyForDeploymentPostprocessing = 0;
		};
		D091383B2AC1ACD1009BA6E4 /* Resources */ = {
			isa = PBXResourcesBuildPhase;
			buildActionMask = 2147483647;
			files = (
			);
			runOnlyForDeploymentPostprocessing = 0;
		};
/* End PBXResourcesBuildPhase section */

/* Begin PBXSourcesBuildPhase section */
		D091381F2AC1ACCE009BA6E4 /* Sources */ = {
			isa = PBXSourcesBuildPhase;
			buildActionMask = 2147483647;
			files = (
				D09138292AC1ACCE009BA6E4 /* ContentView.swift in Sources */,
				D09138272AC1ACCE009BA6E4 /* DataApp.swift in Sources */,
			);
			runOnlyForDeploymentPostprocessing = 0;
		};
		D091382F2AC1ACD0009BA6E4 /* Sources */ = {
			isa = PBXSourcesBuildPhase;
			buildActionMask = 2147483647;
			files = (
				D09138382AC1ACD0009BA6E4 /* DataTests.swift in Sources */,
			);
			runOnlyForDeploymentPostprocessing = 0;
		};
		D09138392AC1ACD1009BA6E4 /* Sources */ = {
			isa = PBXSourcesBuildPhase;
			buildActionMask = 2147483647;
			files = (
				D09138442AC1ACD1009BA6E4 /* DataUITestsLaunchTests.swift in Sources */,
				D09138422AC1ACD1009BA6E4 /* DataUITests.swift in Sources */,
			);
			runOnlyForDeploymentPostprocessing = 0;
		};
/* End PBXSourcesBuildPhase section */

/* Begin PBXTargetDependency section */
		D09138352AC1ACD0009BA6E4 /* PBXTargetDependency */ = {
			isa = PBXTargetDependency;
			target = D09138222AC1ACCE009BA6E4 /* Data */;
			targetProxy = D09138342AC1ACD0009BA6E4 /* PBXContainerItemProxy */;
		};
		D091383F2AC1ACD1009BA6E4 /* PBXTargetDependency */ = {
			isa = PBXTargetDependency;
			target = D09138222AC1ACCE009BA6E4 /* Data */;
			targetProxy = D091383E2AC1ACD1009BA6E4 /* PBXContainerItemProxy */;
		};
/* End PBXTargetDependency section */

/* Begin XCBuildConfiguration section */
		D09138452AC1ACD1009BA6E4 /* Debug */ = {
			isa = XCBuildConfiguration;
			buildSettings = {
				ALWAYS_SEARCH_USER_PATHS = NO;
				CLANG_ANALYZER_NONNULL = YES;
				CLANG_ANALYZER_NUMBER_OBJECT_CONVERSION = YES_AGGRESSIVE;
				CLANG_CXX_LANGUAGE_STANDARD = "gnu++20";
				CLANG_ENABLE_MODULES = YES;
				CLANG_ENABLE_OBJC_ARC = YES;
				CLANG_ENABLE_OBJC_WEAK = YES;
				CLANG_WARN_BLOCK_CAPTURE_AUTORELEASING = YES;
				CLANG_WARN_BOOL_CONVERSION = YES;
				CLANG_WARN_COMMA = YES;
				CLANG_WARN_CONSTANT_CONVERSION = YES;
				CLANG_WARN_DEPRECATED_OBJC_IMPLEMENTATIONS = YES;
				CLANG_WARN_DIRECT_OBJC_ISA_USAGE = YES_ERROR;
				CLANG_WARN_DOCUMENTATION_COMMENTS = YES;
				CLANG_WARN_EMPTY_BODY = YES;
				CLANG_WARN_ENUM_CONVERSION = YES;
				CLANG_WARN_INFINITE_RECURSION = YES;
				CLANG_WARN_INT_CONVERSION = YES;
				CLANG_WARN_NON_LITERAL_NULL_CONVERSION = YES;
				CLANG_WARN_OBJC_IMPLICIT_RETAIN_SELF = YES;
				CLANG_WARN_OBJC_LITERAL_CONVERSION = YES;
				CLANG_WARN_OBJC_ROOT_CLASS = YES_ERROR;
				CLANG_WARN_QUOTED_INCLUDE_IN_FRAMEWORK_HEADER = YES;
				CLANG_WARN_RANGE_LOOP_ANALYSIS = YES;
				CLANG_WARN_STRICT_PROTOTYPES = YES;
				CLANG_WARN_SUSPICIOUS_MOVE = YES;
				CLANG_WARN_UNGUARDED_AVAILABILITY = YES_AGGRESSIVE;
				CLANG_WARN_UNREACHABLE_CODE = YES;
				CLANG_WARN__DUPLICATE_METHOD_MATCH = YES;
				COPY_PHASE_STRIP = NO;
				DEBUG_INFORMATION_FORMAT = dwarf;
				ENABLE_STRICT_OBJC_MSGSEND = YES;
				ENABLE_TESTABILITY = YES;
				GCC_C_LANGUAGE_STANDARD = gnu11;
				GCC_DYNAMIC_NO_PIC = NO;
				GCC_NO_COMMON_BLOCKS = YES;
				GCC_OPTIMIZATION_LEVEL = 0;
				GCC_PREPROCESSOR_DEFINITIONS = (
					"DEBUG=1",
					"$(inherited)",
				);
				GCC_WARN_64_TO_32_BIT_CONVERSION = YES;
				GCC_WARN_ABOUT_RETURN_TYPE = YES_ERROR;
				GCC_WARN_UNDECLARED_SELECTOR = YES;
				GCC_WARN_UNINITIALIZED_AUTOS = YES_AGGRESSIVE;
				GCC_WARN_UNUSED_FUNCTION = YES;
				GCC_WARN_UNUSED_VARIABLE = YES;
				IPHONEOS_DEPLOYMENT_TARGET = 16.4;
				MTL_ENABLE_DEBUG_INFO = INCLUDE_SOURCE;
				MTL_FAST_MATH = YES;
				ONLY_ACTIVE_ARCH = YES;
				SDKROOT = iphoneos;
				SWIFT_ACTIVE_COMPILATION_CONDITIONS = DEBUG;
				SWIFT_OPTIMIZATION_LEVEL = "-Onone";
			};
			name = Debug;
		};
		D09138462AC1ACD1009BA6E4 /* Release */ = {
			isa = XCBuildConfiguration;
			buildSettings = {
				ALWAYS_SEARCH_USER_PATHS = NO;
				CLANG_ANALYZER_NONNULL = YES;
				CLANG_ANALYZER_NUMBER_OBJECT_CONVERSION = YES_AGGRESSIVE;
				CLANG_CXX_LANGUAGE_STANDARD = "gnu++20";
				CLANG_ENABLE_MODULES = YES;
				CLANG_ENABLE_OBJC_ARC = YES;
				CLANG_ENABLE_OBJC_WEAK = YES;
				CLANG_WARN_BLOCK_CAPTURE_AUTORELEASING = YES;
				CLANG_WARN_BOOL_CONVERSION = YES;
				CLANG_WARN_COMMA = YES;
				CLANG_WARN_CONSTANT_CONVERSION = YES;
				CLANG_WARN_DEPRECATED_OBJC_IMPLEMENTATIONS = YES;
				CLANG_WARN_DIRECT_OBJC_ISA_USAGE = YES_ERROR;
				CLANG_WARN_DOCUMENTATION_COMMENTS = YES;
				CLANG_WARN_EMPTY_BODY = YES;
				CLANG_WARN_ENUM_CONVERSION = YES;
				CLANG_WARN_INFINITE_RECURSION = YES;
				CLANG_WARN_INT_CONVERSION = YES;
				CLANG_WARN_NON_LITERAL_NULL_CONVERSION = YES;
				CLANG_WARN_OBJC_IMPLICIT_RETAIN_SELF = YES;
				CLANG_WARN_OBJC_LITERAL_CONVERSION = YES;
				CLANG_WARN_OBJC_ROOT_CLASS = YES_ERROR;
				CLANG_WARN_QUOTED_INCLUDE_IN_FRAMEWORK_HEADER = YES;
				CLANG_WARN_RANGE_LOOP_ANALYSIS = YES;
				CLANG_WARN_STRICT_PROTOTYPES = YES;
				CLANG_WARN_SUSPICIOUS_MOVE = YES;
				CLANG_WARN_UNGUARDED_AVAILABILITY = YES_AGGRESSIVE;
				CLANG_WARN_UNREACHABLE_CODE = YES;
				CLANG_WARN__DUPLICATE_METHOD_MATCH = YES;
				COPY_PHASE_STRIP = NO;
				DEBUG_INFORMATION_FORMAT = "dwarf-with-dsym";
				ENABLE_NS_ASSERTIONS = NO;
				ENABLE_STRICT_OBJC_MSGSEND = YES;
				GCC_C_LANGUAGE_STANDARD = gnu11;
				GCC_NO_COMMON_BLOCKS = YES;
				GCC_WARN_64_TO_32_BIT_CONVERSION = YES;
				GCC_WARN_ABOUT_RETURN_TYPE = YES_ERROR;
				GCC_WARN_UNDECLARED_SELECTOR = YES;
				GCC_WARN_UNINITIALIZED_AUTOS = YES_AGGRESSIVE;
				GCC_WARN_UNUSED_FUNCTION = YES;
				GCC_WARN_UNUSED_VARIABLE = YES;
				IPHONEOS_DEPLOYMENT_TARGET = 16.4;
				MTL_ENABLE_DEBUG_INFO = NO;
				MTL_FAST_MATH = YES;
				SDKROOT = iphoneos;
				SWIFT_COMPILATION_MODE = wholemodule;
				SWIFT_OPTIMIZATION_LEVEL = "-O";
				VALIDATE_PRODUCT = YES;
			};
			name = Release;
		};
		D09138482AC1ACD1009BA6E4 /* Debug */ = {
			isa = XCBuildConfiguration;
			buildSettings = {
				ASSETCATALOG_COMPILER_APPICON_NAME = AppIcon;
				ASSETCATALOG_COMPILER_GLOBAL_ACCENT_COLOR_NAME = AccentColor;
				CODE_SIGN_STYLE = Automatic;
				CURRENT_PROJECT_VERSION = 1;
				DEVELOPMENT_ASSET_PATHS = "\"Data/Preview Content\"";
				ENABLE_PREVIEWS = YES;
				GENERATE_INFOPLIST_FILE = YES;
				INFOPLIST_KEY_UIApplicationSceneManifest_Generation = YES;
				INFOPLIST_KEY_UIApplicationSupportsIndirectInputEvents = YES;
				INFOPLIST_KEY_UILaunchScreen_Generation = YES;
				INFOPLIST_KEY_UISupportedInterfaceOrientations_iPad = "UIInterfaceOrientationPortrait UIInterfaceOrientationPortraitUpsideDown UIInterfaceOrientationLandscapeLeft UIInterfaceOrientationLandscapeRight";
				INFOPLIST_KEY_UISupportedInterfaceOrientations_iPhone = "UIInterfaceOrientationPortrait UIInterfaceOrientationLandscapeLeft UIInterfaceOrientationLandscapeRight";
				LD_RUNPATH_SEARCH_PATHS = (
					"$(inherited)",
					"@executable_path/Frameworks",
				);
				MARKETING_VERSION = 1.0;
				PRODUCT_BUNDLE_IDENTIFIER = "Berk-Go-zek.Data";
				PRODUCT_NAME = "$(TARGET_NAME)";
				SWIFT_EMIT_LOC_STRINGS = YES;
				SWIFT_VERSION = 5.0;
				TARGETED_DEVICE_FAMILY = "1,2";
			};
			name = Debug;
		};
		D09138492AC1ACD1009BA6E4 /* Release */ = {
			isa = XCBuildConfiguration;
			buildSettings = {
				ASSETCATALOG_COMPILER_APPICON_NAME = AppIcon;
				ASSETCATALOG_COMPILER_GLOBAL_ACCENT_COLOR_NAME = AccentColor;
				CODE_SIGN_STYLE = Automatic;
				CURRENT_PROJECT_VERSION = 1;
				DEVELOPMENT_ASSET_PATHS = "\"Data/Preview Content\"";
				ENABLE_PREVIEWS = YES;
				GENERATE_INFOPLIST_FILE = YES;
				INFOPLIST_KEY_UIApplicationSceneManifest_Generation = YES;
				INFOPLIST_KEY_UIApplicationSupportsIndirectInputEvents = YES;
				INFOPLIST_KEY_UILaunchScreen_Generation = YES;
				INFOPLIST_KEY_UISupportedInterfaceOrientations_iPad = "UIInterfaceOrientationPortrait UIInterfaceOrientationPortraitUpsideDown UIInterfaceOrientationLandscapeLeft UIInterfaceOrientationLandscapeRight";
				INFOPLIST_KEY_UISupportedInterfaceOrientations_iPhone = "UIInterfaceOrientationPortrait UIInterfaceOrientationLandscapeLeft UIInterfaceOrientationLandscapeRight";
				LD_RUNPATH_SEARCH_PATHS = (
					"$(inherited)",
					"@executable_path/Frameworks",
				);
				MARKETING_VERSION = 1.0;
				PRODUCT_BUNDLE_IDENTIFIER = "Berk-Go-zek.Data";
				PRODUCT_NAME = "$(TARGET_NAME)";
				SWIFT_EMIT_LOC_STRINGS = YES;
				SWIFT_VERSION = 5.0;
				TARGETED_DEVICE_FAMILY = "1,2";
			};
			name = Release;
		};
		D091384B2AC1ACD1009BA6E4 /* Debug */ = {
			isa = XCBuildConfiguration;
			buildSettings = {
				ALWAYS_EMBED_SWIFT_STANDARD_LIBRARIES = YES;
				BUNDLE_LOADER = "$(TEST_HOST)";
				CODE_SIGN_STYLE = Automatic;
				CURRENT_PROJECT_VERSION = 1;
				GENERATE_INFOPLIST_FILE = YES;
				IPHONEOS_DEPLOYMENT_TARGET = 16.4;
				MARKETING_VERSION = 1.0;
				PRODUCT_BUNDLE_IDENTIFIER = "Berk-Go-zek.DataTests";
				PRODUCT_NAME = "$(TARGET_NAME)";
				SWIFT_EMIT_LOC_STRINGS = NO;
				SWIFT_VERSION = 5.0;
				TARGETED_DEVICE_FAMILY = "1,2";
				TEST_HOST = "$(BUILT_PRODUCTS_DIR)/Data.app/$(BUNDLE_EXECUTABLE_FOLDER_PATH)/Data";
			};
			name = Debug;
		};
		D091384C2AC1ACD1009BA6E4 /* Release */ = {
			isa = XCBuildConfiguration;
			buildSettings = {
				ALWAYS_EMBED_SWIFT_STANDARD_LIBRARIES = YES;
				BUNDLE_LOADER = "$(TEST_HOST)";
				CODE_SIGN_STYLE = Automatic;
				CURRENT_PROJECT_VERSION = 1;
				GENERATE_INFOPLIST_FILE = YES;
				IPHONEOS_DEPLOYMENT_TARGET = 16.4;
				MARKETING_VERSION = 1.0;
				PRODUCT_BUNDLE_IDENTIFIER = "Berk-Go-zek.DataTests";
				PRODUCT_NAME = "$(TARGET_NAME)";
				SWIFT_EMIT_LOC_STRINGS = NO;
				SWIFT_VERSION = 5.0;
				TARGETED_DEVICE_FAMILY = "1,2";
				TEST_HOST = "$(BUILT_PRODUCTS_DIR)/Data.app/$(BUNDLE_EXECUTABLE_FOLDER_PATH)/Data";
			};
			name = Release;
		};
		D091384E2AC1ACD1009BA6E4 /* Debug */ = {
			isa = XCBuildConfiguration;
			buildSettings = {
				ALWAYS_EMBED_SWIFT_STANDARD_LIBRARIES = YES;
				CODE_SIGN_STYLE = Automatic;
				CURRENT_PROJECT_VERSION = 1;
				GENERATE_INFOPLIST_FILE = YES;
				MARKETING_VERSION = 1.0;
				PRODUCT_BUNDLE_IDENTIFIER = "Berk-Go-zek.DataUITests";
				PRODUCT_NAME = "$(TARGET_NAME)";
				SWIFT_EMIT_LOC_STRINGS = NO;
				SWIFT_VERSION = 5.0;
				TARGETED_DEVICE_FAMILY = "1,2";
				TEST_TARGET_NAME = Data;
			};
			name = Debug;
		};
		D091384F2AC1ACD1009BA6E4 /* Release */ = {
			isa = XCBuildConfiguration;
			buildSettings = {
				ALWAYS_EMBED_SWIFT_STANDARD_LIBRARIES = YES;
				CODE_SIGN_STYLE = Automatic;
				CURRENT_PROJECT_VERSION = 1;
				GENERATE_INFOPLIST_FILE = YES;
				MARKETING_VERSION = 1.0;
				PRODUCT_BUNDLE_IDENTIFIER = "Berk-Go-zek.DataUITests";
				PRODUCT_NAME = "$(TARGET_NAME)";
				SWIFT_EMIT_LOC_STRINGS = NO;
				SWIFT_VERSION = 5.0;
				TARGETED_DEVICE_FAMILY = "1,2";
				TEST_TARGET_NAME = Data;
			};
			name = Release;
		};
/* End XCBuildConfiguration section */

/* Begin XCConfigurationList section */
		D091381E2AC1ACCE009BA6E4 /* Build configuration list for PBXProject "Data" */ = {
			isa = XCConfigurationList;
			buildConfigurations = (
				D09138452AC1ACD1009BA6E4 /* Debug */,
				D09138462AC1ACD1009BA6E4 /* Release */,
			);
			defaultConfigurationIsVisible = 0;
			defaultConfigurationName = Release;
		};
		D09138472AC1ACD1009BA6E4 /* Build configuration list for PBXNativeTarget "Data" */ = {
			isa = XCConfigurationList;
			buildConfigurations = (
				D09138482AC1ACD1009BA6E4 /* Debug */,
				D09138492AC1ACD1009BA6E4 /* Release */,
			);
			defaultConfigurationIsVisible = 0;
			defaultConfigurationName = Release;
		};
		D091384A2AC1ACD1009BA6E4 /* Build configuration list for PBXNativeTarget "DataTests" */ = {
			isa = XCConfigurationList;
			buildConfigurations = (
				D091384B2AC1ACD1009BA6E4 /* Debug */,
				D091384C2AC1ACD1009BA6E4 /* Release */,
			);
			defaultConfigurationIsVisible = 0;
			defaultConfigurationName = Release;
		};
		D091384D2AC1ACD1009BA6E4 /* Build configuration list for PBXNativeTarget "DataUITests" */ = {
			isa = XCConfigurationList;
			buildConfigurations = (
				D091384E2AC1ACD1009BA6E4 /* Debug */,
				D091384F2AC1ACD1009BA6E4 /* Release */,
			);
			defaultConfigurationIsVisible = 0;
			defaultConfigurationName = Release;
		};
/* End XCConfigurationList section */
	};
	rootObject = D091381B2AC1ACCE009BA6E4 /* Project object */;
}
